
Microsoft Visual Studio Solution File, Format Version 12.00
# Visual Studio Version 17
VisualStudioVersion = 17.0.31903.59
MinimumVisualStudioVersion = 10.0.40219.1
Project("{FAE04EC0-301F-11D3-BF4B-00C04F79EFBC}") = "TinyValidations", "src\TinyValidations\TinyValidations.csproj", "{6E3A9965-8BC7-4F99-B2C4-5F9D71D40101}"
EndProject
Project("{FAE04EC0-301F-11D3-BF4B-00C04F79EFBC}") = "TinyValidations.SourceGen", "src\TinyValidations.SourceGen\TinyValidations.SourceGen.csproj", "{1F9619E3-7E92-4A40-9A7A-8C46F8E64217}"
EndProject
Project("{FAE04EC0-301F-11D3-BF4B-00C04F79EFBC}") = "TinyValidations.SourceGen.Tests", "tests\TinyValidations.SourceGen.Tests\TinyValidations.SourceGen.Tests.csproj", "{7C54B21D-5027-4476-93CE-6AA197D7BCF7}"
EndProject
Project("{FAE04EC0-301F-11D3-BF4B-00C04F79EFBC}") = "Basic", "samples\Basic\Basic.csproj", "{541F3158-0618-4D2A-8E53-E85712543BBA}"
EndProject
Project("{2150E333-8FDC-42A3-9474-1A3956D46DE8}") = "samples", "samples", "{5D20AA90-6969-D8BD-9DCD-8634F4692FDA}"
EndProject
Project("{2150E333-8FDC-42A3-9474-1A3956D46DE8}") = "MultiAssembly", "MultiAssembly", "{07D0EBD6-FF1B-9EC8-37B9-A6CE1761B369}"
EndProject
Project("{FAE04EC0-301F-11D3-BF4B-00C04F79EFBC}") = "Host", "samples\MultiAssembly\Host\Host.csproj", "{A01C292E-5DF6-4C84-AC4D-E9C6B4A55E60}"
EndProject
Project("{2150E333-8FDC-42A3-9474-1A3956D46DE8}") = "src", "src", "{827E0CD3-B72D-47B6-A68D-7590B98EB39B}"
EndProject
Project("{FAE04EC0-301F-11D3-BF4B-00C04F79EFBC}") = "Identity", "samples\MultiAssembly\Identity\Identity.csproj", "{B2FEF19E-80D1-42E9-B962-1BD02B8003BE}"
EndProject
Project("{FAE04EC0-301F-11D3-BF4B-00C04F79EFBC}") = "Sales", "samples\MultiAssembly\Sales\Sales.csproj", "{965E6C36-7D0C-4E56-B802-CE79713A77EF}"
EndProject
Project("{2150E333-8FDC-42A3-9474-1A3956D46DE8}") = "tests", "tests", "{0AB3BF05-4346-4AA6-1389-037BE0695223}"
EndProject
Project("{FAE04EC0-301F-11D3-BF4B-00C04F79EFBC}") = "TinyValidations.Tests", "tests\TinyValidations.Tests\TinyValidations.Tests.csproj", "{878884BB-8784-4D60-9BD4-E9DC9F20B808}"
EndProject
Global
	GlobalSection(SolutionConfigurationPlatforms) = preSolution
		Debug|Any CPU = Debug|Any CPU
		Debug|x64 = Debug|x64
		Debug|x86 = Debug|x86
		Release|Any CPU = Release|Any CPU
		Release|x64 = Release|x64
		Release|x86 = Release|x86
	EndGlobalSection
	GlobalSection(ProjectConfigurationPlatforms) = postSolution
		{6E3A9965-8BC7-4F99-B2C4-5F9D71D40101}.Debug|Any CPU.ActiveCfg = Debug|Any CPU
		{6E3A9965-8BC7-4F99-B2C4-5F9D71D40101}.Debug|Any CPU.Build.0 = Debug|Any CPU
		{6E3A9965-8BC7-4F99-B2C4-5F9D71D40101}.Debug|x64.ActiveCfg = Debug|Any CPU
		{6E3A9965-8BC7-4F99-B2C4-5F9D71D40101}.Debug|x64.Build.0 = Debug|Any CPU
		{6E3A9965-8BC7-4F99-B2C4-5F9D71D40101}.Debug|x86.ActiveCfg = Debug|Any CPU
		{6E3A9965-8BC7-4F99-B2C4-5F9D71D40101}.Debug|x86.Build.0 = Debug|Any CPU
		{6E3A9965-8BC7-4F99-B2C4-5F9D71D40101}.Release|Any CPU.ActiveCfg = Release|Any CPU
		{6E3A9965-8BC7-4F99-B2C4-5F9D71D40101}.Release|Any CPU.Build.0 = Release|Any CPU
		{6E3A9965-8BC7-4F99-B2C4-5F9D71D40101}.Release|x64.ActiveCfg = Release|Any CPU
		{6E3A9965-8BC7-4F99-B2C4-5F9D71D40101}.Release|x64.Build.0 = Release|Any CPU
		{6E3A9965-8BC7-4F99-B2C4-5F9D71D40101}.Release|x86.ActiveCfg = Release|Any CPU
		{6E3A9965-8BC7-4F99-B2C4-5F9D71D40101}.Release|x86.Build.0 = Release|Any CPU
		{1F9619E3-7E92-4A40-9A7A-8C46F8E64217}.Debug|Any CPU.ActiveCfg = Debug|Any CPU
		{1F9619E3-7E92-4A40-9A7A-8C46F8E64217}.Debug|Any CPU.Build.0 = Debug|Any CPU
		{1F9619E3-7E92-4A40-9A7A-8C46F8E64217}.Debug|x64.ActiveCfg = Debug|Any CPU
		{1F9619E3-7E92-4A40-9A7A-8C46F8E64217}.Debug|x64.Build.0 = Debug|Any CPU
		{1F9619E3-7E92-4A40-9A7A-8C46F8E64217}.Debug|x86.ActiveCfg = Debug|Any CPU
		{1F9619E3-7E92-4A40-9A7A-8C46F8E64217}.Debug|x86.Build.0 = Debug|Any CPU
		{1F9619E3-7E92-4A40-9A7A-8C46F8E64217}.Release|Any CPU.ActiveCfg = Release|Any CPU
		{1F9619E3-7E92-4A40-9A7A-8C46F8E64217}.Release|Any CPU.Build.0 = Release|Any CPU
		{1F9619E3-7E92-4A40-9A7A-8C46F8E64217}.Release|x64.ActiveCfg = Release|Any CPU
		{1F9619E3-7E92-4A40-9A7A-8C46F8E64217}.Release|x64.Build.0 = Release|Any CPU
		{1F9619E3-7E92-4A40-9A7A-8C46F8E64217}.Release|x86.ActiveCfg = Release|Any CPU
		{1F9619E3-7E92-4A40-9A7A-8C46F8E64217}.Release|x86.Build.0 = Release|Any CPU
		{7C54B21D-5027-4476-93CE-6AA197D7BCF7}.Debug|Any CPU.ActiveCfg = Debug|Any CPU
		{7C54B21D-5027-4476-93CE-6AA197D7BCF7}.Debug|Any CPU.Build.0 = Debug|Any CPU
		{7C54B21D-5027-4476-93CE-6AA197D7BCF7}.Debug|x64.ActiveCfg = Debug|Any CPU
		{7C54B21D-5027-4476-93CE-6AA197D7BCF7}.Debug|x64.Build.0 = Debug|Any CPU
		{7C54B21D-5027-4476-93CE-6AA197D7BCF7}.Debug|x86.ActiveCfg = Debug|Any CPU
		{7C54B21D-5027-4476-93CE-6AA197D7BCF7}.Debug|x86.Build.0 = Debug|Any CPU
		{7C54B21D-5027-4476-93CE-6AA197D7BCF7}.Release|Any CPU.ActiveCfg = Release|Any CPU
		{7C54B21D-5027-4476-93CE-6AA197D7BCF7}.Release|Any CPU.Build.0 = Release|Any CPU
		{7C54B21D-5027-4476-93CE-6AA197D7BCF7}.Release|x64.ActiveCfg = Release|Any CPU
		{7C54B21D-5027-4476-93CE-6AA197D7BCF7}.Release|x64.Build.0 = Release|Any CPU
		{7C54B21D-5027-4476-93CE-6AA197D7BCF7}.Release|x86.ActiveCfg = Release|Any CPU
		{7C54B21D-5027-4476-93CE-6AA197D7BCF7}.Release|x86.Build.0 = Release|Any CPU
		{541F3158-0618-4D2A-8E53-E85712543BBA}.Debug|Any CPU.ActiveCfg = Debug|Any CPU
		{541F3158-0618-4D2A-8E53-E85712543BBA}.Debug|Any CPU.Build.0 = Debug|Any CPU
		{541F3158-0618-4D2A-8E53-E85712543BBA}.Debug|x64.ActiveCfg = Debug|Any CPU
		{541F3158-0618-4D2A-8E53-E85712543BBA}.Debug|x64.Build.0 = Debug|Any CPU
		{541F3158-0618-4D2A-8E53-E85712543BBA}.Debug|x86.ActiveCfg = Debug|Any CPU
		{541F3158-0618-4D2A-8E53-E85712543BBA}.Debug|x86.Build.0 = Debug|Any CPU
		{541F3158-0618-4D2A-8E53-E85712543BBA}.Release|Any CPU.ActiveCfg = Release|Any CPU
		{541F3158-0618-4D2A-8E53-E85712543BBA}.Release|Any CPU.Build.0 = Release|Any CPU
		{541F3158-0618-4D2A-8E53-E85712543BBA}.Release|x64.ActiveCfg = Release|Any CPU
		{541F3158-0618-4D2A-8E53-E85712543BBA}.Release|x64.Build.0 = Release|Any CPU
		{541F3158-0618-4D2A-8E53-E85712543BBA}.Release|x86.ActiveCfg = Release|Any CPU
		{541F3158-0618-4D2A-8E53-E85712543BBA}.Release|x86.Build.0 = Release|Any CPU
		{A01C292E-5DF6-4C84-AC4D-E9C6B4A55E60}.Debug|Any CPU.ActiveCfg = Debug|Any CPU
		{A01C292E-5DF6-4C84-AC4D-E9C6B4A55E60}.Debug|Any CPU.Build.0 = Debug|Any CPU
		{A01C292E-5DF6-4C84-AC4D-E9C6B4A55E60}.Debug|x64.ActiveCfg = Debug|Any CPU
		{A01C292E-5DF6-4C84-AC4D-E9C6B4A55E60}.Debug|x64.Build.0 = Debug|Any CPU
		{A01C292E-5DF6-4C84-AC4D-E9C6B4A55E60}.Debug|x86.ActiveCfg = Debug|Any CPU
		{A01C292E-5DF6-4C84-AC4D-E9C6B4A55E60}.Debug|x86.Build.0 = Debug|Any CPU
		{A01C292E-5DF6-4C84-AC4D-E9C6B4A55E60}.Release|Any CPU.ActiveCfg = Release|Any CPU
		{A01C292E-5DF6-4C84-AC4D-E9C6B4A55E60}.Release|Any CPU.Build.0 = Release|Any CPU
		{A01C292E-5DF6-4C84-AC4D-E9C6B4A55E60}.Release|x64.ActiveCfg = Release|Any CPU
		{A01C292E-5DF6-4C84-AC4D-E9C6B4A55E60}.Release|x64.Build.0 = Release|Any CPU
		{A01C292E-5DF6-4C84-AC4D-E9C6B4A55E60}.Release|x86.ActiveCfg = Release|Any CPU
		{A01C292E-5DF6-4C84-AC4D-E9C6B4A55E60}.Release|x86.Build.0 = Release|Any CPU
		{B2FEF19E-80D1-42E9-B962-1BD02B8003BE}.Debug|Any CPU.ActiveCfg = Debug|Any CPU
		{B2FEF19E-80D1-42E9-B962-1BD02B8003BE}.Debug|Any CPU.Build.0 = Debug|Any CPU
		{B2FEF19E-80D1-42E9-B962-1BD02B8003BE}.Debug|x64.ActiveCfg = Debug|Any CPU
		{B2FEF19E-80D1-42E9-B962-1BD02B8003BE}.Debug|x64.Build.0 = Debug|Any CPU
		{B2FEF19E-80D1-42E9-B962-1BD02B8003BE}.Debug|x86.ActiveCfg = Debug|Any CPU
		{B2FEF19E-80D1-42E9-B962-1BD02B8003BE}.Debug|x86.Build.0 = Debug|Any CPU
		{B2FEF19E-80D1-42E9-B962-1BD02B8003BE}.Release|Any CPU.ActiveCfg = Release|Any CPU
		{B2FEF19E-80D1-42E9-B962-1BD02B8003BE}.Release|Any CPU.Build.0 = Release|Any CPU
		{B2FEF19E-80D1-42E9-B962-1BD02B8003BE}.Release|x64.ActiveCfg = Release|Any CPU
		{B2FEF19E-80D1-42E9-B962-1BD02B8003BE}.Release|x64.Build.0 = Release|Any CPU
		{B2FEF19E-80D1-42E9-B962-1BD02B8003BE}.Release|x86.ActiveCfg = Release|Any CPU
		{B2FEF19E-80D1-42E9-B962-1BD02B8003BE}.Release|x86.Build.0 = Release|Any CPU
		{965E6C36-7D0C-4E56-B802-CE79713A77EF}.Debug|Any CPU.ActiveCfg = Debug|Any CPU
		{965E6C36-7D0C-4E56-B802-CE79713A77EF}.Debug|Any CPU.Build.0 = Debug|Any CPU
		{965E6C36-7D0C-4E56-B802-CE79713A77EF}.Debug|x64.ActiveCfg = Debug|Any CPU
		{965E6C36-7D0C-4E56-B802-CE79713A77EF}.Debug|x64.Build.0 = Debug|Any CPU
		{965E6C36-7D0C-4E56-B802-CE79713A77EF}.Debug|x86.ActiveCfg = Debug|Any CPU
		{965E6C36-7D0C-4E56-B802-CE79713A77EF}.Debug|x86.Build.0 = Debug|Any CPU
		{965E6C36-7D0C-4E56-B802-CE79713A77EF}.Release|Any CPU.ActiveCfg = Release|Any CPU
		{965E6C36-7D0C-4E56-B802-CE79713A77EF}.Release|Any CPU.Build.0 = Release|Any CPU
		{965E6C36-7D0C-4E56-B802-CE79713A77EF}.Release|x64.ActiveCfg = Release|Any CPU
		{965E6C36-7D0C-4E56-B802-CE79713A77EF}.Release|x64.Build.0 = Release|Any CPU
		{965E6C36-7D0C-4E56-B802-CE79713A77EF}.Release|x86.ActiveCfg = Release|Any CPU
		{965E6C36-7D0C-4E56-B802-CE79713A77EF}.Release|x86.Build.0 = Release|Any CPU
		{878884BB-8784-4D60-9BD4-E9DC9F20B808}.Debug|Any CPU.ActiveCfg = Debug|Any CPU
		{878884BB-8784-4D60-9BD4-E9DC9F20B808}.Debug|Any CPU.Build.0 = Debug|Any CPU
		{878884BB-8784-4D60-9BD4-E9DC9F20B808}.Debug|x64.ActiveCfg = Debug|Any CPU
		{878884BB-8784-4D60-9BD4-E9DC9F20B808}.Debug|x64.Build.0 = Debug|Any CPU
		{878884BB-8784-4D60-9BD4-E9DC9F20B808}.Debug|x86.ActiveCfg = Debug|Any CPU
		{878884BB-8784-4D60-9BD4-E9DC9F20B808}.Debug|x86.Build.0 = Debug|Any CPU
		{878884BB-8784-4D60-9BD4-E9DC9F20B808}.Release|Any CPU.ActiveCfg = Release|Any CPU
		{878884BB-8784-4D60-9BD4-E9DC9F20B808}.Release|Any CPU.Build.0 = Release|Any CPU
		{878884BB-8784-4D60-9BD4-E9DC9F20B808}.Release|x64.ActiveCfg = Release|Any CPU
		{878884BB-8784-4D60-9BD4-E9DC9F20B808}.Release|x64.Build.0 = Release|Any CPU
		{878884BB-8784-4D60-9BD4-E9DC9F20B808}.Release|x86.ActiveCfg = Release|Any CPU
		{878884BB-8784-4D60-9BD4-E9DC9F20B808}.Release|x86.Build.0 = Release|Any CPU
	EndGlobalSection
	GlobalSection(SolutionProperties) = preSolution
		HideSolutionNode = FALSE
	EndGlobalSection
	GlobalSection(NestedProjects) = preSolution
		{07D0EBD6-FF1B-9EC8-37B9-A6CE1761B369} = {5D20AA90-6969-D8BD-9DCD-8634F4692FDA}
		{A01C292E-5DF6-4C84-AC4D-E9C6B4A55E60} = {07D0EBD6-FF1B-9EC8-37B9-A6CE1761B369}
		{B2FEF19E-80D1-42E9-B962-1BD02B8003BE} = {07D0EBD6-FF1B-9EC8-37B9-A6CE1761B369}
		{965E6C36-7D0C-4E56-B802-CE79713A77EF} = {07D0EBD6-FF1B-9EC8-37B9-A6CE1761B369}
		{878884BB-8784-4D60-9BD4-E9DC9F20B808} = {0AB3BF05-4346-4AA6-1389-037BE0695223}
	EndGlobalSection
EndGlobal
